
Microsoft Visual Studio Solution File, Format Version 12.00
# Visual Studio Version 16
VisualStudioVersion = 16.0.31005.135
MinimumVisualStudioVersion = 10.0.40219.1
Project("{FAE04EC0-301F-11D3-BF4B-00C04F79EFBC}") = "CygniKodprov", "CygniKodprov\CygniKodprov.csproj", "{28FD6C07-E8D9-4CC8-8A7F-8E94F60551A4}"
EndProject
Global
	GlobalSection(SolutionConfigurationPlatforms) = preSolution
		Debug|Any CPU = Debug|Any CPU
		Release|Any CPU = Release|Any CPU
	EndGlobalSection
	GlobalSection(ProjectConfigurationPlatforms) = postSolution
		{28FD6C07-E8D9-4CC8-8A7F-8E94F60551A4}.Debug|Any CPU.ActiveCfg = Debug|Any CPU
		{28FD6C07-E8D9-4CC8-8A7F-8E94F60551A4}.Debug|Any CPU.Build.0 = Debug|Any CPU
		{28FD6C07-E8D9-4CC8-8A7F-8E94F60551A4}.Release|Any CPU.ActiveCfg = Release|Any CPU
		{28FD6C07-E8D9-4CC8-8A7F-8E94F60551A4}.Release|Any CPU.Build.0 = Release|Any CPU
	EndGlobalSection
	GlobalSection(SolutionProperties) = preSolution
		HideSolutionNode = FALSE
	EndGlobalSection
	GlobalSection(ExtensibilityGlobals) = postSolution
		SolutionGuid = {5198A901-4BCC-41F2-ADDE-CD2568E15D77}
	EndGlobalSection
EndGlobal
